// !$*UTF8*$!
{
	archiveVersion = 1;
	classes = {
	};
	objectVersion = 56;
	objects = {

/* Begin PBXBuildFile section */
		04C1E56B2B171D3700DDF277 /* Winner.swift in Sources */ = {isa = PBXBuildFile; fileRef = 04C1E56A2B171D3700DDF277 /* Winner.swift */; };
		223975BC2B15CDAA009D9275 /* GameRoom.swift in Sources */ = {isa = PBXBuildFile; fileRef = 223975BB2B15CDA9009D9275 /* GameRoom.swift */; };
		29570B432B15D54A00DFCF2E /* GameDescription.swift in Sources */ = {isa = PBXBuildFile; fileRef = 29570B422B15D54A00DFCF2E /* GameDescription.swift */; };
		29570B452B15D55D00DFCF2E /* Desc1.swift in Sources */ = {isa = PBXBuildFile; fileRef = 29570B442B15D55D00DFCF2E /* Desc1.swift */; };
		29570B472B15D56E00DFCF2E /* Desc2.swift in Sources */ = {isa = PBXBuildFile; fileRef = 29570B462B15D56E00DFCF2E /* Desc2.swift */; };
		29570B492B15D57F00DFCF2E /* Desc3.swift in Sources */ = {isa = PBXBuildFile; fileRef = 29570B482B15D57F00DFCF2E /* Desc3.swift */; };
		3A7840E42B1874D000A1CCCC /* VS.swift in Sources */ = {isa = PBXBuildFile; fileRef = 3A7840E32B1874D000A1CCCC /* VS.swift */; };
		903E652B2B14F745000ED931 /* HomePage.swift in Sources */ = {isa = PBXBuildFile; fileRef = 903E652A2B14F745000ED931 /* HomePage.swift */; };
		90DA0A532B10DBE700C97E85 /* GameCApp.swift in Sources */ = {isa = PBXBuildFile; fileRef = 90DA0A522B10DBE700C97E85 /* GameCApp.swift */; };
		90DA0A552B10DBE700C97E85 /* ContentView.swift in Sources */ = {isa = PBXBuildFile; fileRef = 90DA0A542B10DBE700C97E85 /* ContentView.swift */; };
		90DA0A572B10DBE800C97E85 /* Assets.xcassets in Resources */ = {isa = PBXBuildFile; fileRef = 90DA0A562B10DBE800C97E85 /* Assets.xcassets */; };
		90DA0A5A2B10DBE800C97E85 /* Preview Assets.xcassets in Resources */ = {isa = PBXBuildFile; fileRef = 90DA0A592B10DBE800C97E85 /* Preview Assets.xcassets */; };
		90DA0A632B1113EC00C97E85 /* CreatingTeamDialogue.swift in Sources */ = {isa = PBXBuildFile; fileRef = 90DA0A622B1113EC00C97E85 /* CreatingTeamDialogue.swift */; };
		90EA71462B17CDE90009DE99 /* JoiningTeamDialogue.swift in Sources */ = {isa = PBXBuildFile; fileRef = 90EA71452B17CDE90009DE99 /* JoiningTeamDialogue.swift */; };
/* End PBXBuildFile section */

/* Begin PBXFileReference section */
		04C1E56A2B171D3700DDF277 /* Winner.swift */ = {isa = PBXFileReference; lastKnownFileType = sourcecode.swift; path = Winner.swift; sourceTree = "<group>"; };
		223975BB2B15CDA9009D9275 /* GameRoom.swift */ = {isa = PBXFileReference; lastKnownFileType = sourcecode.swift; path = GameRoom.swift; sourceTree = "<group>"; };
		29570B422B15D54A00DFCF2E /* GameDescription.swift */ = {isa = PBXFileReference; lastKnownFileType = sourcecode.swift; path = GameDescription.swift; sourceTree = "<group>"; };
		29570B442B15D55D00DFCF2E /* Desc1.swift */ = {isa = PBXFileReference; lastKnownFileType = sourcecode.swift; path = Desc1.swift; sourceTree = "<group>"; };
		29570B462B15D56E00DFCF2E /* Desc2.swift */ = {isa = PBXFileReference; lastKnownFileType = sourcecode.swift; path = Desc2.swift; sourceTree = "<group>"; };
		29570B482B15D57F00DFCF2E /* Desc3.swift */ = {isa = PBXFileReference; lastKnownFileType = sourcecode.swift; path = Desc3.swift; sourceTree = "<group>"; };
		3A7840E32B1874D000A1CCCC /* VS.swift */ = {isa = PBXFileReference; lastKnownFileType = sourcecode.swift; path = VS.swift; sourceTree = "<group>"; };
		903E652A2B14F745000ED931 /* HomePage.swift */ = {isa = PBXFileReference; lastKnownFileType = sourcecode.swift; path = HomePage.swift; sourceTree = "<group>"; };
		90DA0A4F2B10DBE700C97E85 /* GameC.app */ = {isa = PBXFileReference; explicitFileType = wrapper.application; includeInIndex = 0; path = GameC.app; sourceTree = BUILT_PRODUCTS_DIR; };
		90DA0A522B10DBE700C97E85 /* GameCApp.swift */ = {isa = PBXFileReference; lastKnownFileType = sourcecode.swift; path = GameCApp.swift; sourceTree = "<group>"; };
		90DA0A542B10DBE700C97E85 /* ContentView.swift */ = {isa = PBXFileReference; lastKnownFileType = sourcecode.swift; path = ContentView.swift; sourceTree = "<group>"; };
		90DA0A562B10DBE800C97E85 /* Assets.xcassets */ = {isa = PBXFileReference; lastKnownFileType = folder.assetcatalog; path = Assets.xcassets; sourceTree = "<group>"; };
		90DA0A592B10DBE800C97E85 /* Preview Assets.xcassets */ = {isa = PBXFileReference; lastKnownFileType = folder.assetcatalog; path = "Preview Assets.xcassets"; sourceTree = "<group>"; };
		90DA0A622B1113EC00C97E85 /* CreatingTeamDialogue.swift */ = {isa = PBXFileReference; lastKnownFileType = sourcecode.swift; path = CreatingTeamDialogue.swift; sourceTree = "<group>"; };
		90EA71452B17CDE90009DE99 /* JoiningTeamDialogue.swift */ = {isa = PBXFileReference; lastKnownFileType = sourcecode.swift; path = JoiningTeamDialogue.swift; sourceTree = "<group>"; };
/* End PBXFileReference section */

/* Begin PBXFrameworksBuildPhase section */
		90DA0A4C2B10DBE700C97E85 /* Frameworks */ = {
			isa = PBXFrameworksBuildPhase;
			buildActionMask = 2147483647;
			files = (
			);
			runOnlyForDeploymentPostprocessing = 0;
		};
/* End PBXFrameworksBuildPhase section */

/* Begin PBXGroup section */
		90DA0A462B10DBE700C97E85 = {
			isa = PBXGroup;
			children = (
				90DA0A512B10DBE700C97E85 /* GameC */,
				90DA0A502B10DBE700C97E85 /* Products */,
			);
			sourceTree = "<group>";
		};
		90DA0A502B10DBE700C97E85 /* Products */ = {
			isa = PBXGroup;
			children = (
				90DA0A4F2B10DBE700C97E85 /* GameC.app */,
			);
			name = Products;
			sourceTree = "<group>";
		};
		90DA0A512B10DBE700C97E85 /* GameC */ = {
			isa = PBXGroup;
			children = (
				90DA0A522B10DBE700C97E85 /* GameCApp.swift */,
				90DA0A542B10DBE700C97E85 /* ContentView.swift */,
				90DA0A622B1113EC00C97E85 /* CreatingTeamDialogue.swift */,
				29570B422B15D54A00DFCF2E /* GameDescription.swift */,
				29570B442B15D55D00DFCF2E /* Desc1.swift */,
				29570B462B15D56E00DFCF2E /* Desc2.swift */,
				223975BB2B15CDA9009D9275 /* GameRoom.swift */,
				903E652A2B14F745000ED931 /* HomePage.swift */,
				3A7840E32B1874D000A1CCCC /* VS.swift */,
				04C1E56A2B171D3700DDF277 /* Winner.swift */,
				29570B482B15D57F00DFCF2E /* Desc3.swift */,
				90EA71452B17CDE90009DE99 /* JoiningTeamDialogue.swift */,
				90DA0A562B10DBE800C97E85 /* Assets.xcassets */,
				90DA0A582B10DBE800C97E85 /* Preview Content */,
			);
			path = GameC;
			sourceTree = "<group>";
		};
		90DA0A582B10DBE800C97E85 /* Preview Content */ = {
			isa = PBXGroup;
			children = (
				90DA0A592B10DBE800C97E85 /* Preview Assets.xcassets */,
			);
			path = "Preview Content";
			sourceTree = "<group>";
		};
/* End PBXGroup section */

/* Begin PBXNativeTarget section */
		90DA0A4E2B10DBE700C97E85 /* GameC */ = {
			isa = PBXNativeTarget;
			buildConfigurationList = 90DA0A5D2B10DBE800C97E85 /* Build configuration list for PBXNativeTarget "GameC" */;
			buildPhases = (
				90DA0A4B2B10DBE700C97E85 /* Sources */,
				90DA0A4C2B10DBE700C97E85 /* Frameworks */,
				90DA0A4D2B10DBE700C97E85 /* Resources */,
			);
			buildRules = (
			);
			dependencies = (
			);
			name = GameC;
			productName = GameC;
			productReference = 90DA0A4F2B10DBE700C97E85 /* GameC.app */;
			productType = "com.apple.product-type.application";
		};
/* End PBXNativeTarget section */

/* Begin PBXProject section */
		90DA0A472B10DBE700C97E85 /* Project object */ = {
			isa = PBXProject;
			attributes = {
				BuildIndependentTargetsInParallel = 1;
				LastSwiftUpdateCheck = 1500;
				LastUpgradeCheck = 1500;
				TargetAttributes = {
					90DA0A4E2B10DBE700C97E85 = {
						CreatedOnToolsVersion = 15.0;
					};
				};
			};
			buildConfigurationList = 90DA0A4A2B10DBE700C97E85 /* Build configuration list for PBXProject "GameC" */;
			compatibilityVersion = "Xcode 14.0";
			developmentRegion = en;
			hasScannedForEncodings = 0;
			knownRegions = (
				en,
				Base,
			);
			mainGroup = 90DA0A462B10DBE700C97E85;
			productRefGroup = 90DA0A502B10DBE700C97E85 /* Products */;
			projectDirPath = "";
			projectRoot = "";
			targets = (
				90DA0A4E2B10DBE700C97E85 /* GameC */,
			);
		};
/* End PBXProject section */

/* Begin PBXResourcesBuildPhase section */
		90DA0A4D2B10DBE700C97E85 /* Resources */ = {
			isa = PBXResourcesBuildPhase;
			buildActionMask = 2147483647;
			files = (
				90DA0A5A2B10DBE800C97E85 /* Preview Assets.xcassets in Resources */,
				90DA0A572B10DBE800C97E85 /* Assets.xcassets in Resources */,
			);
			runOnlyForDeploymentPostprocessing = 0;
		};
/* End PBXResourcesBuildPhase section */

/* Begin PBXSourcesBuildPhase section */
		90DA0A4B2B10DBE700C97E85 /* Sources */ = {
			isa = PBXSourcesBuildPhase;
			buildActionMask = 2147483647;
			files = (
				90DA0A632B1113EC00C97E85 /* CreatingTeamDialogue.swift in Sources */,
				29570B452B15D55D00DFCF2E /* Desc1.swift in Sources */,
				223975BC2B15CDAA009D9275 /* GameRoom.swift in Sources */,
				29570B432B15D54A00DFCF2E /* GameDescription.swift in Sources */,
				04C1E56B2B171D3700DDF277 /* Winner.swift in Sources */,
				29570B492B15D57F00DFCF2E /* Desc3.swift in Sources */,
				90DA0A552B10DBE700C97E85 /* ContentView.swift in Sources */,
				90DA0A532B10DBE700C97E85 /* GameCApp.swift in Sources */,
				3A7840E42B1874D000A1CCCC /* VS.swift in Sources */,
				90EA71462B17CDE90009DE99 /* JoiningTeamDialogue.swift in Sources */,
				903E652B2B14F745000ED931 /* HomePage.swift in Sources */,
				29570B472B15D56E00DFCF2E /* Desc2.swift in Sources */,
			);
			runOnlyForDeploymentPostprocessing = 0;
		};
/* End PBXSourcesBuildPhase section */

/* Begin XCBuildConfiguration section */
		90DA0A5B2B10DBE800C97E85 /* Debug */ = {
			isa = XCBuildConfiguration;
			buildSettings = {
				ALWAYS_SEARCH_USER_PATHS = NO;
				ASSETCATALOG_COMPILER_GENERATE_SWIFT_ASSET_SYMBOL_EXTENSIONS = YES;
				CLANG_ANALYZER_NONNULL = YES;
				CLANG_ANALYZER_NUMBER_OBJECT_CONVERSION = YES_AGGRESSIVE;
				CLANG_CXX_LANGUAGE_STANDARD = "gnu++20";
				CLANG_ENABLE_MODULES = YES;
				CLANG_ENABLE_OBJC_ARC = YES;
				CLANG_ENABLE_OBJC_WEAK = YES;
				CLANG_WARN_BLOCK_CAPTURE_AUTORELEASING = YES;
				CLANG_WARN_BOOL_CONVERSION = YES;
				CLANG_WARN_COMMA = YES;
				CLANG_WARN_CONSTANT_CONVERSION = YES;
				CLANG_WARN_DEPRECATED_OBJC_IMPLEMENTATIONS = YES;
				CLANG_WARN_DIRECT_OBJC_ISA_USAGE = YES_ERROR;
				CLANG_WARN_DOCUMENTATION_COMMENTS = YES;
				CLANG_WARN_EMPTY_BODY = YES;
				CLANG_WARN_ENUM_CONVERSION = YES;
				CLANG_WARN_INFINITE_RECURSION = YES;
				CLANG_WARN_INT_CONVERSION = YES;
				CLANG_WARN_NON_LITERAL_NULL_CONVERSION = YES;
				CLANG_WARN_OBJC_IMPLICIT_RETAIN_SELF = YES;
				CLANG_WARN_OBJC_LITERAL_CONVERSION = YES;
				CLANG_WARN_OBJC_ROOT_CLASS = YES_ERROR;
				CLANG_WARN_QUOTED_INCLUDE_IN_FRAMEWORK_HEADER = YES;
				CLANG_WARN_RANGE_LOOP_ANALYSIS = YES;
				CLANG_WARN_STRICT_PROTOTYPES = YES;
				CLANG_WARN_SUSPICIOUS_MOVE = YES;
				CLANG_WARN_UNGUARDED_AVAILABILITY = YES_AGGRESSIVE;
				CLANG_WARN_UNREACHABLE_CODE = YES;
				CLANG_WARN__DUPLICATE_METHOD_MATCH = YES;
				COPY_PHASE_STRIP = NO;
				DEBUG_INFORMATION_FORMAT = dwarf;
				ENABLE_STRICT_OBJC_MSGSEND = YES;
				ENABLE_TESTABILITY = YES;
				ENABLE_USER_SCRIPT_SANDBOXING = YES;
				GCC_C_LANGUAGE_STANDARD = gnu17;
				GCC_DYNAMIC_NO_PIC = NO;
				GCC_NO_COMMON_BLOCKS = YES;
				GCC_OPTIMIZATION_LEVEL = 0;
				GCC_PREPROCESSOR_DEFINITIONS = (
					"DEBUG=1",
					"$(inherited)",
				);
				GCC_WARN_64_TO_32_BIT_CONVERSION = YES;
				GCC_WARN_ABOUT_RETURN_TYPE = YES_ERROR;
				GCC_WARN_UNDECLARED_SELECTOR = YES;
				GCC_WARN_UNINITIALIZED_AUTOS = YES_AGGRESSIVE;
				GCC_WARN_UNUSED_FUNCTION = YES;
				GCC_WARN_UNUSED_VARIABLE = YES;
				IPHONEOS_DEPLOYMENT_TARGET = 17.0;
				LOCALIZATION_PREFERS_STRING_CATALOGS = YES;
				MTL_ENABLE_DEBUG_INFO = INCLUDE_SOURCE;
				MTL_FAST_MATH = YES;
				ONLY_ACTIVE_ARCH = YES;
				SDKROOT = iphoneos;
				SWIFT_ACTIVE_COMPILATION_CONDITIONS = "DEBUG $(inherited)";
				SWIFT_OPTIMIZATION_LEVEL = "-Onone";
			};
			name = Debug;
		};
		90DA0A5C2B10DBE800C97E85 /* Release */ = {
			isa = XCBuildConfiguration;
			buildSettings = {
				ALWAYS_SEARCH_USER_PATHS = NO;
				ASSETCATALOG_COMPILER_GENERATE_SWIFT_ASSET_SYMBOL_EXTENSIONS = YES;
				CLANG_ANALYZER_NONNULL = YES;
				CLANG_ANALYZER_NUMBER_OBJECT_CONVERSION = YES_AGGRESSIVE;
				CLANG_CXX_LANGUAGE_STANDARD = "gnu++20";
				CLANG_ENABLE_MODULES = YES;
				CLANG_ENABLE_OBJC_ARC = YES;
				CLANG_ENABLE_OBJC_WEAK = YES;
				CLANG_WARN_BLOCK_CAPTURE_AUTORELEASING = YES;
				CLANG_WARN_BOOL_CONVERSION = YES;
				CLANG_WARN_COMMA = YES;
				CLANG_WARN_CONSTANT_CONVERSION = YES;
				CLANG_WARN_DEPRECATED_OBJC_IMPLEMENTATIONS = YES;
				CLANG_WARN_DIRECT_OBJC_ISA_USAGE = YES_ERROR;
				CLANG_WARN_DOCUMENTATION_COMMENTS = YES;
				CLANG_WARN_EMPTY_BODY = YES;
				CLANG_WARN_ENUM_CONVERSION = YES;
				CLANG_WARN_INFINITE_RECURSION = YES;
				CLANG_WARN_INT_CONVERSION = YES;
				CLANG_WARN_NON_LITERAL_NULL_CONVERSION = YES;
				CLANG_WARN_OBJC_IMPLICIT_RETAIN_SELF = YES;
				CLANG_WARN_OBJC_LITERAL_CONVERSION = YES;
				CLANG_WARN_OBJC_ROOT_CLASS = YES_ERROR;
				CLANG_WARN_QUOTED_INCLUDE_IN_FRAMEWORK_HEADER = YES;
				CLANG_WARN_RANGE_LOOP_ANALYSIS = YES;
				CLANG_WARN_STRICT_PROTOTYPES = YES;
				CLANG_WARN_SUSPICIOUS_MOVE = YES;
				CLANG_WARN_UNGUARDED_AVAILABILITY = YES_AGGRESSIVE;
				CLANG_WARN_UNREACHABLE_CODE = YES;
				CLANG_WARN__DUPLICATE_METHOD_MATCH = YES;
				COPY_PHASE_STRIP = NO;
				DEBUG_INFORMATION_FORMAT = "dwarf-with-dsym";
				ENABLE_NS_ASSERTIONS = NO;
				ENABLE_STRICT_OBJC_MSGSEND = YES;
				ENABLE_USER_SCRIPT_SANDBOXING = YES;
				GCC_C_LANGUAGE_STANDARD = gnu17;
				GCC_NO_COMMON_BLOCKS = YES;
				GCC_WARN_64_TO_32_BIT_CONVERSION = YES;
				GCC_WARN_ABOUT_RETURN_TYPE = YES_ERROR;
				GCC_WARN_UNDECLARED_SELECTOR = YES;
				GCC_WARN_UNINITIALIZED_AUTOS = YES_AGGRESSIVE;
				GCC_WARN_UNUSED_FUNCTION = YES;
				GCC_WARN_UNUSED_VARIABLE = YES;
				IPHONEOS_DEPLOYMENT_TARGET = 17.0;
				LOCALIZATION_PREFERS_STRING_CATALOGS = YES;
				MTL_ENABLE_DEBUG_INFO = NO;
				MTL_FAST_MATH = YES;
				SDKROOT = iphoneos;
				SWIFT_COMPILATION_MODE = wholemodule;
				VALIDATE_PRODUCT = YES;
			};
			name = Release;
		};
		90DA0A5E2B10DBE800C97E85 /* Debug */ = {
			isa = XCBuildConfiguration;
			buildSettings = {
				ASSETCATALOG_COMPILER_APPICON_NAME = AppIcon;
				ASSETCATALOG_COMPILER_GLOBAL_ACCENT_COLOR_NAME = AccentColor;
				CODE_SIGN_STYLE = Automatic;
				CURRENT_PROJECT_VERSION = 1;
				DEVELOPMENT_ASSET_PATHS = "\"GameC/Preview Content\"";
				ENABLE_PREVIEWS = YES;
				GENERATE_INFOPLIST_FILE = YES;
				INFOPLIST_KEY_UIApplicationSceneManifest_Generation = YES;
				INFOPLIST_KEY_UIApplicationSupportsIndirectInputEvents = YES;
				INFOPLIST_KEY_UILaunchScreen_Generation = YES;
				INFOPLIST_KEY_UISupportedInterfaceOrientations_iPad = "UIInterfaceOrientationPortrait UIInterfaceOrientationPortraitUpsideDown UIInterfaceOrientationLandscapeLeft UIInterfaceOrientationLandscapeRight";
				INFOPLIST_KEY_UISupportedInterfaceOrientations_iPhone = "UIInterfaceOrientationPortrait UIInterfaceOrientationLandscapeLeft UIInterfaceOrientationLandscapeRight";
				LD_RUNPATH_SEARCH_PATHS = (
					"$(inherited)",
					"@executable_path/Frameworks",
				);
				MARKETING_VERSION = 1.0;
				PRODUCT_BUNDLE_IDENTIFIER = l.GameC;
				PRODUCT_NAME = "$(TARGET_NAME)";
				SWIFT_EMIT_LOC_STRINGS = YES;
				SWIFT_VERSION = 5.0;
				TARGETED_DEVICE_FAMILY = "1,2";
			};
			name = Debug;
		};
		90DA0A5F2B10DBE800C97E85 /* Release */ = {
			isa = XCBuildConfiguration;
			buildSettings = {
				ASSETCATALOG_COMPILER_APPICON_NAME = AppIcon;
				ASSETCATALOG_COMPILER_GLOBAL_ACCENT_COLOR_NAME = AccentColor;
				CODE_SIGN_STYLE = Automatic;
				CURRENT_PROJECT_VERSION = 1;
				DEVELOPMENT_ASSET_PATHS = "\"GameC/Preview Content\"";
				ENABLE_PREVIEWS = YES;
				GENERATE_INFOPLIST_FILE = YES;
				INFOPLIST_KEY_UIApplicationSceneManifest_Generation = YES;
				INFOPLIST_KEY_UIApplicationSupportsIndirectInputEvents = YES;
				INFOPLIST_KEY_UILaunchScreen_Generation = YES;
				INFOPLIST_KEY_UISupportedInterfaceOrientations_iPad = "UIInterfaceOrientationPortrait UIInterfaceOrientationPortraitUpsideDown UIInterfaceOrientationLandscapeLeft UIInterfaceOrientationLandscapeRight";
				INFOPLIST_KEY_UISupportedInterfaceOrientations_iPhone = "UIInterfaceOrientationPortrait UIInterfaceOrientationLandscapeLeft UIInterfaceOrientationLandscapeRight";
				LD_RUNPATH_SEARCH_PATHS = (
					"$(inherited)",
					"@executable_path/Frameworks",
				);
				MARKETING_VERSION = 1.0;
				PRODUCT_BUNDLE_IDENTIFIER = l.GameC;
				PRODUCT_NAME = "$(TARGET_NAME)";
				SWIFT_EMIT_LOC_STRINGS = YES;
				SWIFT_VERSION = 5.0;
				TARGETED_DEVICE_FAMILY = "1,2";
			};
			name = Release;
		};
/* End XCBuildConfiguration section */

/* Begin XCConfigurationList section */
		90DA0A4A2B10DBE700C97E85 /* Build configuration list for PBXProject "GameC" */ = {
			isa = XCConfigurationList;
			buildConfigurations = (
				90DA0A5B2B10DBE800C97E85 /* Debug */,
				90DA0A5C2B10DBE800C97E85 /* Release */,
			);
			defaultConfigurationIsVisible = 0;
			defaultConfigurationName = Release;
		};
		90DA0A5D2B10DBE800C97E85 /* Build configuration list for PBXNativeTarget "GameC" */ = {
			isa = XCConfigurationList;
			buildConfigurations = (
				90DA0A5E2B10DBE800C97E85 /* Debug */,
				90DA0A5F2B10DBE800C97E85 /* Release */,
			);
			defaultConfigurationIsVisible = 0;
			defaultConfigurationName = Release;
		};
/* End XCConfigurationList section */
	};
	rootObject = 90DA0A472B10DBE700C97E85 /* Project object */;
}
